
Microsoft Visual Studio Solution File, Format Version 12.00
# Visual Studio Version 16
VisualStudioVersion = 16.0.29806.167
MinimumVisualStudioVersion = 15.0.26124.0
Project("{9A19103F-16F7-4668-BE54-9A1E7A4F7556}") = "MPlusHub.Web", "MPlusHub.Web\MPlusHub.Web.csproj", "{CB005894-9A41-4B28-8BE8-FF3B737C8BDB}"
EndProject
Project("{9A19103F-16F7-4668-BE54-9A1E7A4F7556}") = "MPlusHub.Core", "MPlusHub.Core\MPlusHub.Core.csproj", "{DBB8A137-7BEA-4404-9111-1B1A99478D4B}"
EndProject
Project("{9A19103F-16F7-4668-BE54-9A1E7A4F7556}") = "MPlusHub.Services", "MPlusHub.Services\MPlusHub.Services.csproj", "{2976B761-9451-422B-9BED-B9D48F932926}"
EndProject
Global
	GlobalSection(SolutionConfigurationPlatforms) = preSolution
		Debug|Any CPU = Debug|Any CPU
		Debug|x64 = Debug|x64
		Debug|x86 = Debug|x86
		Release|Any CPU = Release|Any CPU
		Release|x64 = Release|x64
		Release|x86 = Release|x86
	EndGlobalSection
	GlobalSection(ProjectConfigurationPlatforms) = postSolution
		{CB005894-9A41-4B28-8BE8-FF3B737C8BDB}.Debug|Any CPU.ActiveCfg = Debug|Any CPU
		{CB005894-9A41-4B28-8BE8-FF3B737C8BDB}.Debug|Any CPU.Build.0 = Debug|Any CPU
		{CB005894-9A41-4B28-8BE8-FF3B737C8BDB}.Debug|x64.ActiveCfg = Debug|Any CPU
		{CB005894-9A41-4B28-8BE8-FF3B737C8BDB}.Debug|x64.Build.0 = Debug|Any CPU
		{CB005894-9A41-4B28-8BE8-FF3B737C8BDB}.Debug|x86.ActiveCfg = Debug|Any CPU
		{CB005894-9A41-4B28-8BE8-FF3B737C8BDB}.Debug|x86.Build.0 = Debug|Any CPU
		{CB005894-9A41-4B28-8BE8-FF3B737C8BDB}.Release|Any CPU.ActiveCfg = Release|Any CPU
		{CB005894-9A41-4B28-8BE8-FF3B737C8BDB}.Release|Any CPU.Build.0 = Release|Any CPU
		{CB005894-9A41-4B28-8BE8-FF3B737C8BDB}.Release|x64.ActiveCfg = Release|Any CPU
		{CB005894-9A41-4B28-8BE8-FF3B737C8BDB}.Release|x64.Build.0 = Release|Any CPU
		{CB005894-9A41-4B28-8BE8-FF3B737C8BDB}.Release|x86.ActiveCfg = Release|Any CPU
		{CB005894-9A41-4B28-8BE8-FF3B737C8BDB}.Release|x86.Build.0 = Release|Any CPU
		{DBB8A137-7BEA-4404-9111-1B1A99478D4B}.Debug|Any CPU.ActiveCfg = Debug|Any CPU
		{DBB8A137-7BEA-4404-9111-1B1A99478D4B}.Debug|Any CPU.Build.0 = Debug|Any CPU
		{DBB8A137-7BEA-4404-9111-1B1A99478D4B}.Debug|x64.ActiveCfg = Debug|Any CPU
		{DBB8A137-7BEA-4404-9111-1B1A99478D4B}.Debug|x64.Build.0 = Debug|Any CPU
		{DBB8A137-7BEA-4404-9111-1B1A99478D4B}.Debug|x86.ActiveCfg = Debug|Any CPU
		{DBB8A137-7BEA-4404-9111-1B1A99478D4B}.Debug|x86.Build.0 = Debug|Any CPU
		{DBB8A137-7BEA-4404-9111-1B1A99478D4B}.Release|Any CPU.ActiveCfg = Release|Any CPU
		{DBB8A137-7BEA-4404-9111-1B1A99478D4B}.Release|Any CPU.Build.0 = Release|Any CPU
		{DBB8A137-7BEA-4404-9111-1B1A99478D4B}.Release|x64.ActiveCfg = Release|Any CPU
		{DBB8A137-7BEA-4404-9111-1B1A99478D4B}.Release|x64.Build.0 = Release|Any CPU
		{DBB8A137-7BEA-4404-9111-1B1A99478D4B}.Release|x86.ActiveCfg = Release|Any CPU
		{DBB8A137-7BEA-4404-9111-1B1A99478D4B}.Release|x86.Build.0 = Release|Any CPU
		{2976B761-9451-422B-9BED-B9D48F932926}.Debug|Any CPU.ActiveCfg = Debug|Any CPU
		{2976B761-9451-422B-9BED-B9D48F932926}.Debug|Any CPU.Build.0 = Debug|Any CPU
		{2976B761-9451-422B-9BED-B9D48F932926}.Debug|x64.ActiveCfg = Debug|Any CPU
		{2976B761-9451-422B-9BED-B9D48F932926}.Debug|x64.Build.0 = Debug|Any CPU
		{2976B761-9451-422B-9BED-B9D48F932926}.Debug|x86.ActiveCfg = Debug|Any CPU
		{2976B761-9451-422B-9BED-B9D48F932926}.Debug|x86.Build.0 = Debug|Any CPU
		{2976B761-9451-422B-9BED-B9D48F932926}.Release|Any CPU.ActiveCfg = Release|Any CPU
		{2976B761-9451-422B-9BED-B9D48F932926}.Release|Any CPU.Build.0 = Release|Any CPU
		{2976B761-9451-422B-9BED-B9D48F932926}.Release|x64.ActiveCfg = Release|Any CPU
		{2976B761-9451-422B-9BED-B9D48F932926}.Release|x64.Build.0 = Release|Any CPU
		{2976B761-9451-422B-9BED-B9D48F932926}.Release|x86.ActiveCfg = Release|Any CPU
		{2976B761-9451-422B-9BED-B9D48F932926}.Release|x86.Build.0 = Release|Any CPU
	EndGlobalSection
	GlobalSection(SolutionProperties) = preSolution
		HideSolutionNode = FALSE
	EndGlobalSection
	GlobalSection(ExtensibilityGlobals) = postSolution
		SolutionGuid = {BF490190-340A-46AB-B17E-0C73AB5F1E55}
	EndGlobalSection
EndGlobal
